<?xml version="1.0" encoding="utf-8"?>
<Project ToolsVersion="4.0" xmlns="http://schemas.microsoft.com/developer/msbuild/2003">
  <ItemGroup>
    <Filter Include="Assets">
      <UniqueIdentifier>589ad934-10d4-410c-b11a-72de23ca2611</UniqueIdentifier>
      <Extensions>bmp;fbx;gif;jpg;jpeg;tga;tiff;tif;png</Extensions>
    </Filter>
    <Filter Include="Content">
      <UniqueIdentifier>45d0abee-1572-4fb3-b68e-f532e232f880</UniqueIdentifier>
    </Filter>
    <Image Include="Assets\LockScreenLogo.scale-200.png">
      <Filter>Assets</Filter>
    </Image>
    <Image Include="Assets\SplashScreen.scale-200.png">
      <Filter>Assets</Filter>
    </Image>
    <Image Include="Assets\Square150x150Logo.scale-200.png">
      <Filter>Assets</Filter>
    </Image>
    <Image Include="Assets\Square44x44Logo.scale-200.png">
      <Filter>Assets</Filter>
    </Image>
    <Image Include="Assets\Square44x44Logo.targetsize-24_altform-unplated.png">
      <Filter>Assets</Filter>
    </Image>
    <Image Include="Assets\Wide310x150Logo.scale-200.png">
      <Filter>Assets</Filter>
    </Image>
    <Filter Include="Content\Shaders">
      <UniqueIdentifier>{526bb568-9b04-406c-97f2-65649c5a9ebe}</UniqueIdentifier>
    </Filter>
    <Filter Include="Content\Textures">
      <UniqueIdentifier>{76a8eddb-f0a9-4dde-9b69-0db8ffd3eee2}</UniqueIdentifier>
    </Filter>
    <Filter Include="Samples">
      <UniqueIdentifier>{2dec396f-8ffa-4576-bf1a-7fa1c461d685}</UniqueIdentifier>
    </Filter>
    <Filter Include="Core">
      <UniqueIdentifier>{c2843093-37ce-458b-baa6-3be1740df48d}</UniqueIdentifier>
    </Filter>
  </ItemGroup>
  <ItemGroup>
    <ClCompile Include="Snake.cpp" />
    <ClCompile Include="SpawnManager.cpp" />
    <ClCompile Include="SnakeManager.cpp" />
    <ClCompile Include="App.cpp">
      <Filter>Core</Filter>
    </ClCompile>
    <ClCompile Include="GameMain.cpp">
      <Filter>Core</Filter>
    </ClCompile>
    <ClCompile Include="pch.cpp">
      <Filter>Core</Filter>
    </ClCompile>
    <ClCompile Include="Ball.cpp">
      <Filter>Samples</Filter>
    </ClCompile>
    <ClCompile Include="BallManager.cpp">
      <Filter>Samples</Filter>
    </ClCompile>
    <ClCompile Include="Field.cpp">
      <Filter>Samples</Filter>
    </ClCompile>
    <ClCompile Include="FieldManager.cpp">
      <Filter>Samples</Filter>
    </ClCompile>
    <ClCompile Include="MoodySprite.cpp">
      <Filter>Samples</Filter>
    </ClCompile>
    <ClCompile Include="SpriteDemoManager.cpp">
      <Filter>Samples</Filter>
    </ClCompile>
    <ClCompile Include="Spawn.cpp" />
    <ClCompile Include="Sprite.cpp" />
  </ItemGroup>
  <ItemGroup>
    <ClInclude Include="Snake.h" />
    <ClInclude Include="SpawnManager.h" />
    <ClInclude Include="SnakeManager.h" />
    <ClInclude Include="App.h">
      <Filter>Core</Filter>
    </ClInclude>
    <ClInclude Include="GameMain.h">
      <Filter>Core</Filter>
    </ClInclude>
    <ClInclude Include="pch.h">
      <Filter>Core</Filter>
    </ClInclude>
    <ClInclude Include="Ball.h">
      <Filter>Samples</Filter>
    </ClInclude>
    <ClInclude Include="BallManager.h">
      <Filter>Samples</Filter>
    </ClInclude>
    <ClInclude Include="Field.h">
      <Filter>Samples</Filter>
    </ClInclude>
    <ClInclude Include="FieldManager.h">
      <Filter>Samples</Filter>
    </ClInclude>
    <ClInclude Include="MoodySprite.h">
      <Filter>Samples</Filter>
    </ClInclude>
    <ClInclude Include="SpriteDemoManager.h">
      <Filter>Samples</Filter>
    </ClInclude>
    <ClInclude Include="Spawn.h" />
    <ClInclude Include="Sprite.h" />
  </ItemGroup>
  <ItemGroup>
    <Image Include="Assets\StoreLogo.png">
      <Filter>Assets</Filter>
    </Image>
    <Image Include="Content\Textures\snoods_default.png">
      <Filter>Content\Textures</Filter>
    </Image>
  </ItemGroup>
  <ItemGroup>
    <None Include="Game.Universal_TemporaryKey.pfx">
      <Filter>Core</Filter>
    </None>
    <None Include="packages.config">
      <Filter>Core</Filter>
    </None>
  </ItemGroup>
  <ItemGroup>
    <FxCompile Include="Content\Shaders\ShapeRendererVS.hlsl">
      <Filter>Content\Shaders</Filter>
    </FxCompile>
    <FxCompile Include="Content\Shaders\ShapeRendererPS.hlsl">
      <Filter>Content\Shaders</Filter>
    </FxCompile>
    <FxCompile Include="Content\Shaders\SpriteRendererVS.hlsl">
      <Filter>Content\Shaders</Filter>
    </FxCompile>
    <FxCompile Include="Content\Shaders\SpriteRendererPS.hlsl">
      <Filter>Content\Shaders</Filter>
    </FxCompile>
  </ItemGroup>
  <ItemGroup>
    <AppxManifest Include="Package.appxmanifest">
      <Filter>Core</Filter>
    </AppxManifest>
  </ItemGroup>
</Project>